
Microsoft Visual Studio Solution File, Format Version 12.00
# Visual Studio Version 16
VisualStudioVersion = 16.0.29102.190
MinimumVisualStudioVersion = 10.0.40219.1
Project("{9A19103F-16F7-4668-BE54-9A1E7A4F7556}") = "Cinemas", "Cinemas.csproj", "{0BD36251-A21B-4422-A6ED-F02D63D68B4B}"
EndProject
Project("{9A19103F-16F7-4668-BE54-9A1E7A4F7556}") = "UnitTestProject1", "..\UnitTestProject1\UnitTestProject1.csproj", "{F4362207-1038-4B48-9CCB-B960B173C720}"
EndProject
Global
	GlobalSection(SolutionConfigurationPlatforms) = preSolution
		Debug|Any CPU = Debug|Any CPU
		Release|Any CPU = Release|Any CPU
	EndGlobalSection
	GlobalSection(ProjectConfigurationPlatforms) = postSolution
		{0BD36251-A21B-4422-A6ED-F02D63D68B4B}.Debug|Any CPU.ActiveCfg = Debug|Any CPU
		{0BD36251-A21B-4422-A6ED-F02D63D68B4B}.Debug|Any CPU.Build.0 = Debug|Any CPU
		{0BD36251-A21B-4422-A6ED-F02D63D68B4B}.Release|Any CPU.ActiveCfg = Release|Any CPU
		{0BD36251-A21B-4422-A6ED-F02D63D68B4B}.Release|Any CPU.Build.0 = Release|Any CPU
		{F4362207-1038-4B48-9CCB-B960B173C720}.Debug|Any CPU.ActiveCfg = Debug|Any CPU
		{F4362207-1038-4B48-9CCB-B960B173C720}.Debug|Any CPU.Build.0 = Debug|Any CPU
		{F4362207-1038-4B48-9CCB-B960B173C720}.Release|Any CPU.ActiveCfg = Release|Any CPU
		{F4362207-1038-4B48-9CCB-B960B173C720}.Release|Any CPU.Build.0 = Release|Any CPU
	EndGlobalSection
	GlobalSection(SolutionProperties) = preSolution
		HideSolutionNode = FALSE
	EndGlobalSection
	GlobalSection(ExtensibilityGlobals) = postSolution
		SolutionGuid = {252B6EB3-B861-42BF-83B6-5484FB3B05E7}
	EndGlobalSection
EndGlobal
